
Microsoft Visual Studio Solution File, Format Version 12.00
# Visual Studio Version 17
VisualStudioVersion = 17.3.32929.385
MinimumVisualStudioVersion = 10.0.40219.1
Project("{FAE04EC0-301F-11D3-BF4B-00C04F79EFBC}") = "Guessing_Game_App.Android", "Guessing_Game_App\Guessing_Game_App.Android\Guessing_Game_App.Android.csproj", "{79C0FB69-39C9-4C7A-B2D0-BBE48A0248AC}"
EndProject
Project("{FAE04EC0-301F-11D3-BF4B-00C04F79EFBC}") = "Guessing_Game_App.iOS", "Guessing_Game_App\Guessing_Game_App.iOS\Guessing_Game_App.iOS.csproj", "{14EFC7EC-2116-4EFA-BD21-C74853E99EE2}"
EndProject
Project("{FAE04EC0-301F-11D3-BF4B-00C04F79EFBC}") = "Guessing_Game_App", "Guessing_Game_App\Guessing_Game_App\Guessing_Game_App.csproj", "{1F11065D-E66F-47AD-8408-334C2C16379B}"
EndProject
Global
	GlobalSection(SolutionConfigurationPlatforms) = preSolution
		Debug|Any CPU = Debug|Any CPU
		Debug|iPhone = Debug|iPhone
		Debug|iPhoneSimulator = Debug|iPhoneSimulator
		Release|Any CPU = Release|Any CPU
		Release|iPhone = Release|iPhone
		Release|iPhoneSimulator = Release|iPhoneSimulator
	EndGlobalSection
	GlobalSection(ProjectConfigurationPlatforms) = postSolution
		{79C0FB69-39C9-4C7A-B2D0-BBE48A0248AC}.Debug|Any CPU.ActiveCfg = Debug|Any CPU
		{79C0FB69-39C9-4C7A-B2D0-BBE48A0248AC}.Debug|Any CPU.Build.0 = Debug|Any CPU
		{79C0FB69-39C9-4C7A-B2D0-BBE48A0248AC}.Debug|Any CPU.Deploy.0 = Debug|Any CPU
		{79C0FB69-39C9-4C7A-B2D0-BBE48A0248AC}.Debug|iPhone.ActiveCfg = Debug|Any CPU
		{79C0FB69-39C9-4C7A-B2D0-BBE48A0248AC}.Debug|iPhone.Build.0 = Debug|Any CPU
		{79C0FB69-39C9-4C7A-B2D0-BBE48A0248AC}.Debug|iPhone.Deploy.0 = Debug|Any CPU
		{79C0FB69-39C9-4C7A-B2D0-BBE48A0248AC}.Debug|iPhoneSimulator.ActiveCfg = Debug|Any CPU
		{79C0FB69-39C9-4C7A-B2D0-BBE48A0248AC}.Debug|iPhoneSimulator.Build.0 = Debug|Any CPU
		{79C0FB69-39C9-4C7A-B2D0-BBE48A0248AC}.Debug|iPhoneSimulator.Deploy.0 = Debug|Any CPU
		{79C0FB69-39C9-4C7A-B2D0-BBE48A0248AC}.Release|Any CPU.ActiveCfg = Release|Any CPU
		{79C0FB69-39C9-4C7A-B2D0-BBE48A0248AC}.Release|Any CPU.Build.0 = Release|Any CPU
		{79C0FB69-39C9-4C7A-B2D0-BBE48A0248AC}.Release|Any CPU.Deploy.0 = Release|Any CPU
		{79C0FB69-39C9-4C7A-B2D0-BBE48A0248AC}.Release|iPhone.ActiveCfg = Release|Any CPU
		{79C0FB69-39C9-4C7A-B2D0-BBE48A0248AC}.Release|iPhone.Build.0 = Release|Any CPU
		{79C0FB69-39C9-4C7A-B2D0-BBE48A0248AC}.Release|iPhone.Deploy.0 = Release|Any CPU
		{79C0FB69-39C9-4C7A-B2D0-BBE48A0248AC}.Release|iPhoneSimulator.ActiveCfg = Release|Any CPU
		{79C0FB69-39C9-4C7A-B2D0-BBE48A0248AC}.Release|iPhoneSimulator.Build.0 = Release|Any CPU
		{79C0FB69-39C9-4C7A-B2D0-BBE48A0248AC}.Release|iPhoneSimulator.Deploy.0 = Release|Any CPU
		{14EFC7EC-2116-4EFA-BD21-C74853E99EE2}.Debug|Any CPU.ActiveCfg = Debug|iPhone
		{14EFC7EC-2116-4EFA-BD21-C74853E99EE2}.Debug|Any CPU.Build.0 = Debug|iPhone
		{14EFC7EC-2116-4EFA-BD21-C74853E99EE2}.Debug|Any CPU.Deploy.0 = Debug|iPhone
		{14EFC7EC-2116-4EFA-BD21-C74853E99EE2}.Debug|iPhone.ActiveCfg = Debug|iPhone
		{14EFC7EC-2116-4EFA-BD21-C74853E99EE2}.Debug|iPhone.Build.0 = Debug|iPhone
		{14EFC7EC-2116-4EFA-BD21-C74853E99EE2}.Debug|iPhone.Deploy.0 = Debug|iPhone
		{14EFC7EC-2116-4EFA-BD21-C74853E99EE2}.Debug|iPhoneSimulator.ActiveCfg = Debug|iPhoneSimulator
		{14EFC7EC-2116-4EFA-BD21-C74853E99EE2}.Debug|iPhoneSimulator.Build.0 = Debug|iPhoneSimulator
		{14EFC7EC-2116-4EFA-BD21-C74853E99EE2}.Debug|iPhoneSimulator.Deploy.0 = Debug|iPhoneSimulator
		{14EFC7EC-2116-4EFA-BD21-C74853E99EE2}.Release|Any CPU.ActiveCfg = Release|iPhoneSimulator
		{14EFC7EC-2116-4EFA-BD21-C74853E99EE2}.Release|Any CPU.Build.0 = Release|iPhoneSimulator
		{14EFC7EC-2116-4EFA-BD21-C74853E99EE2}.Release|Any CPU.Deploy.0 = Release|iPhoneSimulator
		{14EFC7EC-2116-4EFA-BD21-C74853E99EE2}.Release|iPhone.ActiveCfg = Release|iPhone
		{14EFC7EC-2116-4EFA-BD21-C74853E99EE2}.Release|iPhone.Build.0 = Release|iPhone
		{14EFC7EC-2116-4EFA-BD21-C74853E99EE2}.Release|iPhone.Deploy.0 = Release|iPhone
		{14EFC7EC-2116-4EFA-BD21-C74853E99EE2}.Release|iPhoneSimulator.ActiveCfg = Release|iPhoneSimulator
		{14EFC7EC-2116-4EFA-BD21-C74853E99EE2}.Release|iPhoneSimulator.Build.0 = Release|iPhoneSimulator
		{14EFC7EC-2116-4EFA-BD21-C74853E99EE2}.Release|iPhoneSimulator.Deploy.0 = Release|iPhoneSimulator
		{1F11065D-E66F-47AD-8408-334C2C16379B}.Debug|Any CPU.ActiveCfg = Debug|Any CPU
		{1F11065D-E66F-47AD-8408-334C2C16379B}.Debug|Any CPU.Build.0 = Debug|Any CPU
		{1F11065D-E66F-47AD-8408-334C2C16379B}.Debug|Any CPU.Deploy.0 = Debug|Any CPU
		{1F11065D-E66F-47AD-8408-334C2C16379B}.Debug|iPhone.ActiveCfg = Debug|Any CPU
		{1F11065D-E66F-47AD-8408-334C2C16379B}.Debug|iPhone.Build.0 = Debug|Any CPU
		{1F11065D-E66F-47AD-8408-334C2C16379B}.Debug|iPhone.Deploy.0 = Debug|Any CPU
		{1F11065D-E66F-47AD-8408-334C2C16379B}.Debug|iPhoneSimulator.ActiveCfg = Debug|Any CPU
		{1F11065D-E66F-47AD-8408-334C2C16379B}.Debug|iPhoneSimulator.Build.0 = Debug|Any CPU
		{1F11065D-E66F-47AD-8408-334C2C16379B}.Debug|iPhoneSimulator.Deploy.0 = Debug|Any CPU
		{1F11065D-E66F-47AD-8408-334C2C16379B}.Release|Any CPU.ActiveCfg = Release|Any CPU
		{1F11065D-E66F-47AD-8408-334C2C16379B}.Release|Any CPU.Build.0 = Release|Any CPU
		{1F11065D-E66F-47AD-8408-334C2C16379B}.Release|Any CPU.Deploy.0 = Release|Any CPU
		{1F11065D-E66F-47AD-8408-334C2C16379B}.Release|iPhone.ActiveCfg = Release|Any CPU
		{1F11065D-E66F-47AD-8408-334C2C16379B}.Release|iPhone.Build.0 = Release|Any CPU
		{1F11065D-E66F-47AD-8408-334C2C16379B}.Release|iPhone.Deploy.0 = Release|Any CPU
		{1F11065D-E66F-47AD-8408-334C2C16379B}.Release|iPhoneSimulator.ActiveCfg = Release|Any CPU
		{1F11065D-E66F-47AD-8408-334C2C16379B}.Release|iPhoneSimulator.Build.0 = Release|Any CPU
		{1F11065D-E66F-47AD-8408-334C2C16379B}.Release|iPhoneSimulator.Deploy.0 = Release|Any CPU
	EndGlobalSection
	GlobalSection(SolutionProperties) = preSolution
		HideSolutionNode = FALSE
	EndGlobalSection
	GlobalSection(ExtensibilityGlobals) = postSolution
		SolutionGuid = {A93C08FD-FBCA-4C24-A5AE-F98678662558}
	EndGlobalSection
EndGlobal
